
Microsoft Visual Studio Solution File, Format Version 12.00
# Visual Studio Version 16
VisualStudioVersion = 16.0.30104.148
MinimumVisualStudioVersion = 10.0.40219.1
Project("{FAE04EC0-301F-11D3-BF4B-00C04F79EFBC}") = "KClient", "KClient\KClient.csproj", "{BD0396F4-EB5A-4C2E-A3F3-027866D3C8CE}"
EndProject
Project("{FAE04EC0-301F-11D3-BF4B-00C04F79EFBC}") = "EventsProducer", "EventsProducer\EventsProducer.csproj", "{26C0EBAB-9F01-47B3-B8DA-6F297D5E0E21}"
EndProject
Global
	GlobalSection(SolutionConfigurationPlatforms) = preSolution
		Debug|Any CPU = Debug|Any CPU
		Release|Any CPU = Release|Any CPU
	EndGlobalSection
	GlobalSection(ProjectConfigurationPlatforms) = postSolution
		{BD0396F4-EB5A-4C2E-A3F3-027866D3C8CE}.Debug|Any CPU.ActiveCfg = Debug|Any CPU
		{BD0396F4-EB5A-4C2E-A3F3-027866D3C8CE}.Debug|Any CPU.Build.0 = Debug|Any CPU
		{BD0396F4-EB5A-4C2E-A3F3-027866D3C8CE}.Release|Any CPU.ActiveCfg = Release|Any CPU
		{BD0396F4-EB5A-4C2E-A3F3-027866D3C8CE}.Release|Any CPU.Build.0 = Release|Any CPU
		{26C0EBAB-9F01-47B3-B8DA-6F297D5E0E21}.Debug|Any CPU.ActiveCfg = Debug|Any CPU
		{26C0EBAB-9F01-47B3-B8DA-6F297D5E0E21}.Debug|Any CPU.Build.0 = Debug|Any CPU
		{26C0EBAB-9F01-47B3-B8DA-6F297D5E0E21}.Release|Any CPU.ActiveCfg = Release|Any CPU
		{26C0EBAB-9F01-47B3-B8DA-6F297D5E0E21}.Release|Any CPU.Build.0 = Release|Any CPU
	EndGlobalSection
	GlobalSection(SolutionProperties) = preSolution
		HideSolutionNode = FALSE
	EndGlobalSection
	GlobalSection(ExtensibilityGlobals) = postSolution
		SolutionGuid = {7C06C746-8756-4FE7-BE79-BF09C157FE11}
	EndGlobalSection
EndGlobal
